# THIS IS AN AUTOGENERATED FILE. DO NOT EDIT THIS FILE DIRECTLY.
# yarn lockfile v1


echarts@^5.3.0:
  version "5.3.0"
  resolved "https://registry.yarnpkg.com/echarts/-/echarts-5.3.0.tgz#39342fcf0f763413fecd9d2afd1c415163de694d"
  integrity sha512-zENufmwFE6WjM+24tW3xQq4ICqQtI0CGj4bDVDNd3BK3LtaA/5wBp+64ykIyKy3QElz0cieKqSYP4FX9Lv9MwQ==
  dependencies:
    tslib "2.3.0"
    zrender "5.3.0"

tslib@2.3.0:
  version "2.3.0"
  resolved "https://registry.yarnpkg.com/tslib/-/tslib-2.3.0.tgz#803b8cdab3e12ba581a4ca41c8839bbb0dacb09e"
  integrity sha512-N82ooyxVNm6h1riLCoyS9e3fuJ3AMG2zIZs2Gd1ATcSFjSA23Q0fzjjZeh0jbJvWVDZ0cJT8yaNNaaXHzueNjg==

zrender@5.3.0:
  version "5.3.0"
  resolved "https://registry.yarnpkg.com/zrender/-/zrender-5.3.0.tgz#297c05dc2521362816c4ddced10a1e306646bbc8"
  integrity sha512-Ln2QB5uqI1ftNYMtCRxd+XDq6MOttLgam2tmhKAVA+j0ko47UT+VNlDvKTkqe4K2sJhBvB0EhYNLebqlCTjatQ==
  dependencies:
    tslib "2.3.0"
